// !$*UTF8*$!
{
	archiveVersion = 1;
	classes = {
	};
	objectVersion = 50;
	objects = {

/* Begin PBXBuildFile section */
		2B13281A24A267EE00D78C4A /* Students.storyboard in Resources */ = {isa = PBXBuildFile; fileRef = 2B13281924A267EE00D78C4A /* Students.storyboard */; };
		2B13283124A26A0700D78C4A /* LogInSignUpViewController.swift in Sources */ = {isa = PBXBuildFile; fileRef = 2B13283024A26A0700D78C4A /* LogInSignUpViewController.swift */; };
		2B13283924A2A65800D78C4A /* StudentTableViewController.swift in Sources */ = {isa = PBXBuildFile; fileRef = 2B13283824A2A65800D78C4A /* StudentTableViewController.swift */; };
		3F27732324A29A3100195192 /* CoreDataStack.swift in Sources */ = {isa = PBXBuildFile; fileRef = 2B13282F24A268DC00D78C4A /* CoreDataStack.swift */; };
		3F27732424A29A7300195192 /* FetchedResultsController.swift in Sources */ = {isa = PBXBuildFile; fileRef = 2B13282D24A268DC00D78C4A /* FetchedResultsController.swift */; };
		3F27732524A29A7500195192 /* Reminder+Convenience.swift in Sources */ = {isa = PBXBuildFile; fileRef = 2B13282C24A268DC00D78C4A /* Reminder+Convenience.swift */; };
		3F27732624A29A7700195192 /* Student+Convenience.swift in Sources */ = {isa = PBXBuildFile; fileRef = 2B13282E24A268DC00D78C4A /* Student+Convenience.swift */; };
		3F27732724A29DC000195192 /* BetterProfessor.xcdatamodeld in Sources */ = {isa = PBXBuildFile; fileRef = 2B13282A24A268DC00D78C4A /* BetterProfessor.xcdatamodeld */; };
		3F27732924A29E3000195192 /* StudenRepresentation.swift in Sources */ = {isa = PBXBuildFile; fileRef = 3F27732824A29E3000195192 /* StudenRepresentation.swift */; };
		3F27732B24A2CBD100195192 /* Cache.swift in Sources */ = {isa = PBXBuildFile; fileRef = 3F27732A24A2CBD100195192 /* Cache.swift */; };
		3F27732D24A2D91200195192 /* StudentTableViewCell.swift in Sources */ = {isa = PBXBuildFile; fileRef = 3F27732C24A2D91200195192 /* StudentTableViewCell.swift */; };
		3F27732F24A317A600195192 /* UIImage+Scale.swift in Sources */ = {isa = PBXBuildFile; fileRef = 3F27732E24A317A600195192 /* UIImage+Scale.swift */; };
		3F27733124A3200E00195192 /* Photo.swift in Sources */ = {isa = PBXBuildFile; fileRef = 3F27733024A3200E00195192 /* Photo.swift */; };
		3F27733324A3203300195192 /* PhotoController.swift in Sources */ = {isa = PBXBuildFile; fileRef = 3F27733224A3203300195192 /* PhotoController.swift */; };
		3F27733524A321DC00195192 /* PhotoDetailViewController.swift in Sources */ = {isa = PBXBuildFile; fileRef = 3F27733424A321DC00195192 /* PhotoDetailViewController.swift */; };
		3F5B512624A115E4007C0563 /* AppDelegate.swift in Sources */ = {isa = PBXBuildFile; fileRef = 3F5B512524A115E4007C0563 /* AppDelegate.swift */; };
		3F5B512824A115E4007C0563 /* SceneDelegate.swift in Sources */ = {isa = PBXBuildFile; fileRef = 3F5B512724A115E4007C0563 /* SceneDelegate.swift */; };
		3F5B512D24A115E4007C0563 /* Main.storyboard in Resources */ = {isa = PBXBuildFile; fileRef = 3F5B512B24A115E4007C0563 /* Main.storyboard */; };
		3F5B512F24A115E9007C0563 /* Assets.xcassets in Resources */ = {isa = PBXBuildFile; fileRef = 3F5B512E24A115E9007C0563 /* Assets.xcassets */; };
		3F5B513224A115E9007C0563 /* LaunchScreen.storyboard in Resources */ = {isa = PBXBuildFile; fileRef = 3F5B513024A115E9007C0563 /* LaunchScreen.storyboard */; };
		3F5B513A24A150A7007C0563 /* User.swift in Sources */ = {isa = PBXBuildFile; fileRef = 3F5B513924A150A7007C0563 /* User.swift */; };
		3F5B513C24A15471007C0563 /* BackendController.swift in Sources */ = {isa = PBXBuildFile; fileRef = 3F5B513B24A15471007C0563 /* BackendController.swift */; };
		3F5B513E24A1553E007C0563 /* Token.swift in Sources */ = {isa = PBXBuildFile; fileRef = 3F5B513D24A1553E007C0563 /* Token.swift */; };
		3F5B514024A155D8007C0563 /* DataLoader.swift in Sources */ = {isa = PBXBuildFile; fileRef = 3F5B513F24A155D8007C0563 /* DataLoader.swift */; };
/* End PBXBuildFile section */

/* Begin PBXFileReference section */
		2B13281924A267EE00D78C4A /* Students.storyboard */ = {isa = PBXFileReference; lastKnownFileType = file.storyboard; path = Students.storyboard; sourceTree = "<group>"; };
		2B13282B24A268DC00D78C4A /* BetterProfessor.xcdatamodel */ = {isa = PBXFileReference; lastKnownFileType = wrapper.xcdatamodel; path = BetterProfessor.xcdatamodel; sourceTree = "<group>"; };
		2B13282C24A268DC00D78C4A /* Reminder+Convenience.swift */ = {isa = PBXFileReference; lastKnownFileType = sourcecode.swift; path = "Reminder+Convenience.swift"; sourceTree = "<group>"; };
		2B13282D24A268DC00D78C4A /* FetchedResultsController.swift */ = {isa = PBXFileReference; lastKnownFileType = sourcecode.swift; path = FetchedResultsController.swift; sourceTree = "<group>"; };
		2B13282E24A268DC00D78C4A /* Student+Convenience.swift */ = {isa = PBXFileReference; lastKnownFileType = sourcecode.swift; path = "Student+Convenience.swift"; sourceTree = "<group>"; };
		2B13282F24A268DC00D78C4A /* CoreDataStack.swift */ = {isa = PBXFileReference; lastKnownFileType = sourcecode.swift; path = CoreDataStack.swift; sourceTree = "<group>"; };
		2B13283024A26A0700D78C4A /* LogInSignUpViewController.swift */ = {isa = PBXFileReference; lastKnownFileType = sourcecode.swift; path = LogInSignUpViewController.swift; sourceTree = "<group>"; };
		2B13283824A2A65800D78C4A /* StudentTableViewController.swift */ = {isa = PBXFileReference; lastKnownFileType = sourcecode.swift; path = StudentTableViewController.swift; sourceTree = "<group>"; };
		3F27732824A29E3000195192 /* StudenRepresentation.swift */ = {isa = PBXFileReference; lastKnownFileType = sourcecode.swift; path = StudenRepresentation.swift; sourceTree = "<group>"; };
		3F27732A24A2CBD100195192 /* Cache.swift */ = {isa = PBXFileReference; lastKnownFileType = sourcecode.swift; path = Cache.swift; sourceTree = "<group>"; };
		3F27732C24A2D91200195192 /* StudentTableViewCell.swift */ = {isa = PBXFileReference; lastKnownFileType = sourcecode.swift; path = StudentTableViewCell.swift; sourceTree = "<group>"; };
		3F27732E24A317A600195192 /* UIImage+Scale.swift */ = {isa = PBXFileReference; lastKnownFileType = sourcecode.swift; path = "UIImage+Scale.swift"; sourceTree = "<group>"; };
		3F27733024A3200E00195192 /* Photo.swift */ = {isa = PBXFileReference; lastKnownFileType = sourcecode.swift; path = Photo.swift; sourceTree = "<group>"; };
		3F27733224A3203300195192 /* PhotoController.swift */ = {isa = PBXFileReference; lastKnownFileType = sourcecode.swift; path = PhotoController.swift; sourceTree = "<group>"; };
		3F27733424A321DC00195192 /* PhotoDetailViewController.swift */ = {isa = PBXFileReference; lastKnownFileType = sourcecode.swift; path = PhotoDetailViewController.swift; sourceTree = "<group>"; };
		3F5B512224A115E4007C0563 /* BetterProfessor.app */ = {isa = PBXFileReference; explicitFileType = wrapper.application; includeInIndex = 0; path = BetterProfessor.app; sourceTree = BUILT_PRODUCTS_DIR; };
		3F5B512524A115E4007C0563 /* AppDelegate.swift */ = {isa = PBXFileReference; lastKnownFileType = sourcecode.swift; path = AppDelegate.swift; sourceTree = "<group>"; };
		3F5B512724A115E4007C0563 /* SceneDelegate.swift */ = {isa = PBXFileReference; lastKnownFileType = sourcecode.swift; path = SceneDelegate.swift; sourceTree = "<group>"; };
		3F5B512C24A115E4007C0563 /* Base */ = {isa = PBXFileReference; lastKnownFileType = file.storyboard; name = Base; path = Base.lproj/Main.storyboard; sourceTree = "<group>"; };
		3F5B512E24A115E9007C0563 /* Assets.xcassets */ = {isa = PBXFileReference; lastKnownFileType = folder.assetcatalog; path = Assets.xcassets; sourceTree = "<group>"; };
		3F5B513124A115E9007C0563 /* Base */ = {isa = PBXFileReference; lastKnownFileType = file.storyboard; name = Base; path = Base.lproj/LaunchScreen.storyboard; sourceTree = "<group>"; };
		3F5B513324A115E9007C0563 /* Info.plist */ = {isa = PBXFileReference; lastKnownFileType = text.plist.xml; path = Info.plist; sourceTree = "<group>"; };
		3F5B513924A150A7007C0563 /* User.swift */ = {isa = PBXFileReference; lastKnownFileType = sourcecode.swift; path = User.swift; sourceTree = "<group>"; };
		3F5B513B24A15471007C0563 /* BackendController.swift */ = {isa = PBXFileReference; lastKnownFileType = sourcecode.swift; path = BackendController.swift; sourceTree = "<group>"; };
		3F5B513D24A1553E007C0563 /* Token.swift */ = {isa = PBXFileReference; lastKnownFileType = sourcecode.swift; path = Token.swift; sourceTree = "<group>"; };
		3F5B513F24A155D8007C0563 /* DataLoader.swift */ = {isa = PBXFileReference; lastKnownFileType = sourcecode.swift; path = DataLoader.swift; sourceTree = "<group>"; };
/* End PBXFileReference section */

/* Begin PBXFrameworksBuildPhase section */
		3F5B511F24A115E4007C0563 /* Frameworks */ = {
			isa = PBXFrameworksBuildPhase;
			buildActionMask = 2147483647;
			files = (
			);
			runOnlyForDeploymentPostprocessing = 0;
		};
/* End PBXFrameworksBuildPhase section */

/* Begin PBXGroup section */
		2B1327F824A2665600D78C4A /* Resources */ = {
			isa = PBXGroup;
			children = (
				3F5B512524A115E4007C0563 /* AppDelegate.swift */,
				3F5B512724A115E4007C0563 /* SceneDelegate.swift */,
				3F5B512E24A115E9007C0563 /* Assets.xcassets */,
				3F5B513024A115E9007C0563 /* LaunchScreen.storyboard */,
				3F5B513324A115E9007C0563 /* Info.plist */,
			);
			path = Resources;
			sourceTree = "<group>";
		};
		2B1327F924A2666B00D78C4A /* Models */ = {
			isa = PBXGroup;
			children = (
				2B13282324A268C500D78C4A /* CoreData */,
				3F5B513924A150A7007C0563 /* User.swift */,
				3F5B513D24A1553E007C0563 /* Token.swift */,
				3F27732824A29E3000195192 /* StudenRepresentation.swift */,
				3F27733024A3200E00195192 /* Photo.swift */,
				3F27733224A3203300195192 /* PhotoController.swift */,
			);
			path = Models;
			sourceTree = "<group>";
		};
		2B1327FA24A2667700D78C4A /* Networking */ = {
			isa = PBXGroup;
			children = (
				3F5B513F24A155D8007C0563 /* DataLoader.swift */,
				3F5B513B24A15471007C0563 /* BackendController.swift */,
				3F27732A24A2CBD100195192 /* Cache.swift */,
			);
			path = Networking;
			sourceTree = "<group>";
		};
		2B13281824A267DA00D78C4A /* Storyboards */ = {
			isa = PBXGroup;
			children = (
				3F5B512B24A115E4007C0563 /* Main.storyboard */,
				2B13281924A267EE00D78C4A /* Students.storyboard */,
			);
			path = Storyboards;
			sourceTree = "<group>";
		};
		2B13281B24A2688C00D78C4A /* ViewControllers */ = {
			isa = PBXGroup;
			children = (
				2B13283024A26A0700D78C4A /* LogInSignUpViewController.swift */,
				3F27733424A321DC00195192 /* PhotoDetailViewController.swift */,
				2B13283824A2A65800D78C4A /* StudentTableViewController.swift */,
				3F27732C24A2D91200195192 /* StudentTableViewCell.swift */,
				3F27732E24A317A600195192 /* UIImage+Scale.swift */,
			);
			path = ViewControllers;
			sourceTree = "<group>";
		};
		2B13282324A268C500D78C4A /* CoreData */ = {
			isa = PBXGroup;
			children = (
				2B13282F24A268DC00D78C4A /* CoreDataStack.swift */,
				2B13282D24A268DC00D78C4A /* FetchedResultsController.swift */,
				2B13282C24A268DC00D78C4A /* Reminder+Convenience.swift */,
				2B13282E24A268DC00D78C4A /* Student+Convenience.swift */,
				2B13282A24A268DC00D78C4A /* BetterProfessor.xcdatamodeld */,
			);
			path = CoreData;
			sourceTree = "<group>";
		};
		3F5B511924A115E4007C0563 = {
			isa = PBXGroup;
			children = (
				3F5B512424A115E4007C0563 /* BetterProfessor */,
				3F5B512324A115E4007C0563 /* Products */,
			);
			sourceTree = "<group>";
		};
		3F5B512324A115E4007C0563 /* Products */ = {
			isa = PBXGroup;
			children = (
				3F5B512224A115E4007C0563 /* BetterProfessor.app */,
			);
			name = Products;
			sourceTree = "<group>";
		};
		3F5B512424A115E4007C0563 /* BetterProfessor */ = {
			isa = PBXGroup;
			children = (
				2B13281824A267DA00D78C4A /* Storyboards */,
				2B13281B24A2688C00D78C4A /* ViewControllers */,
				2B1327F924A2666B00D78C4A /* Models */,
				2B1327FA24A2667700D78C4A /* Networking */,
				2B1327F824A2665600D78C4A /* Resources */,
			);
			path = BetterProfessor;
			sourceTree = "<group>";
		};
/* End PBXGroup section */

/* Begin PBXNativeTarget section */
		3F5B512124A115E4007C0563 /* BetterProfessor */ = {
			isa = PBXNativeTarget;
			buildConfigurationList = 3F5B513624A115E9007C0563 /* Build configuration list for PBXNativeTarget "BetterProfessor" */;
			buildPhases = (
				3F5B511E24A115E4007C0563 /* Sources */,
				3F5B511F24A115E4007C0563 /* Frameworks */,
				3F5B512024A115E4007C0563 /* Resources */,
				3F5B514124A18435007C0563 /* ShellScript */,
			);
			buildRules = (
			);
			dependencies = (
			);
			name = BetterProfessor;
			productName = BetterProfessor;
			productReference = 3F5B512224A115E4007C0563 /* BetterProfessor.app */;
			productType = "com.apple.product-type.application";
		};
/* End PBXNativeTarget section */

/* Begin PBXProject section */
		3F5B511A24A115E4007C0563 /* Project object */ = {
			isa = PBXProject;
			attributes = {
				LastSwiftUpdateCheck = 1150;
				LastUpgradeCheck = 1150;
				ORGANIZATIONNAME = "Bhawnish Kumar";
				TargetAttributes = {
					3F5B512124A115E4007C0563 = {
						CreatedOnToolsVersion = 11.5;
					};
				};
			};
			buildConfigurationList = 3F5B511D24A115E4007C0563 /* Build configuration list for PBXProject "BetterProfessor" */;
			compatibilityVersion = "Xcode 9.3";
			developmentRegion = en;
			hasScannedForEncodings = 0;
			knownRegions = (
				en,
				Base,
			);
			mainGroup = 3F5B511924A115E4007C0563;
			productRefGroup = 3F5B512324A115E4007C0563 /* Products */;
			projectDirPath = "";
			projectRoot = "";
			targets = (
				3F5B512124A115E4007C0563 /* BetterProfessor */,
			);
		};
/* End PBXProject section */

/* Begin PBXResourcesBuildPhase section */
		3F5B512024A115E4007C0563 /* Resources */ = {
			isa = PBXResourcesBuildPhase;
			buildActionMask = 2147483647;
			files = (
				2B13281A24A267EE00D78C4A /* Students.storyboard in Resources */,
				3F5B513224A115E9007C0563 /* LaunchScreen.storyboard in Resources */,
				3F5B512F24A115E9007C0563 /* Assets.xcassets in Resources */,
				3F5B512D24A115E4007C0563 /* Main.storyboard in Resources */,
			);
			runOnlyForDeploymentPostprocessing = 0;
		};
/* End PBXResourcesBuildPhase section */

/* Begin PBXShellScriptBuildPhase section */
		3F5B514124A18435007C0563 /* ShellScript */ = {
			isa = PBXShellScriptBuildPhase;
			buildActionMask = 2147483647;
			files = (
			);
			inputFileListPaths = (
			);
			inputPaths = (
			);
			outputFileListPaths = (
			);
			outputPaths = (
			);
			runOnlyForDeploymentPostprocessing = 0;
			shellPath = /bin/sh;
			shellScript = "if which swiftlint >/dev/null; then\n  swiftlint\nelse\n  echo \"warning: SwiftLint not installed, download from https://github.com/realm/SwiftLint\"\nfi\n";
		};
/* End PBXShellScriptBuildPhase section */

/* Begin PBXSourcesBuildPhase section */
		3F5B511E24A115E4007C0563 /* Sources */ = {
			isa = PBXSourcesBuildPhase;
			buildActionMask = 2147483647;
			files = (
				3F27732924A29E3000195192 /* StudenRepresentation.swift in Sources */,
				3F27732B24A2CBD100195192 /* Cache.swift in Sources */,
				3F5B512624A115E4007C0563 /* AppDelegate.swift in Sources */,
				3F27733324A3203300195192 /* PhotoController.swift in Sources */,
				3F27732624A29A7700195192 /* Student+Convenience.swift in Sources */,
				3F5B513E24A1553E007C0563 /* Token.swift in Sources */,
				2B13283124A26A0700D78C4A /* LogInSignUpViewController.swift in Sources */,
				3F27732F24A317A600195192 /* UIImage+Scale.swift in Sources */,
				3F5B514024A155D8007C0563 /* DataLoader.swift in Sources */,
				3F27732724A29DC000195192 /* BetterProfessor.xcdatamodeld in Sources */,
				3F5B512824A115E4007C0563 /* SceneDelegate.swift in Sources */,
				2B13283924A2A65800D78C4A /* StudentTableViewController.swift in Sources */,
				3F27732524A29A7500195192 /* Reminder+Convenience.swift in Sources */,
				3F27733124A3200E00195192 /* Photo.swift in Sources */,
				3F5B513C24A15471007C0563 /* BackendController.swift in Sources */,
				3F5B513A24A150A7007C0563 /* User.swift in Sources */,
				3F27732424A29A7300195192 /* FetchedResultsController.swift in Sources */,
				3F27732324A29A3100195192 /* CoreDataStack.swift in Sources */,
				3F27733524A321DC00195192 /* PhotoDetailViewController.swift in Sources */,
				3F27732D24A2D91200195192 /* StudentTableViewCell.swift in Sources */,
			);
			runOnlyForDeploymentPostprocessing = 0;
		};
/* End PBXSourcesBuildPhase section */

/* Begin PBXVariantGroup section */
		3F5B512B24A115E4007C0563 /* Main.storyboard */ = {
			isa = PBXVariantGroup;
			children = (
				3F5B512C24A115E4007C0563 /* Base */,
			);
			name = Main.storyboard;
			sourceTree = "<group>";
		};
		3F5B513024A115E9007C0563 /* LaunchScreen.storyboard */ = {
			isa = PBXVariantGroup;
			children = (
				3F5B513124A115E9007C0563 /* Base */,
			);
			name = LaunchScreen.storyboard;
			sourceTree = "<group>";
		};
/* End PBXVariantGroup section */

/* Begin XCBuildConfiguration section */
		3F5B513424A115E9007C0563 /* Debug */ = {
			isa = XCBuildConfiguration;
			buildSettings = {
				ALWAYS_SEARCH_USER_PATHS = NO;
				CLANG_ANALYZER_NONNULL = YES;
				CLANG_ANALYZER_NUMBER_OBJECT_CONVERSION = YES_AGGRESSIVE;
				CLANG_CXX_LANGUAGE_STANDARD = "gnu++14";
				CLANG_CXX_LIBRARY = "libc++";
				CLANG_ENABLE_MODULES = YES;
				CLANG_ENABLE_OBJC_ARC = YES;
				CLANG_ENABLE_OBJC_WEAK = YES;
				CLANG_WARN_BLOCK_CAPTURE_AUTORELEASING = YES;
				CLANG_WARN_BOOL_CONVERSION = YES;
				CLANG_WARN_COMMA = YES;
				CLANG_WARN_CONSTANT_CONVERSION = YES;
				CLANG_WARN_DEPRECATED_OBJC_IMPLEMENTATIONS = YES;
				CLANG_WARN_DIRECT_OBJC_ISA_USAGE = YES_ERROR;
				CLANG_WARN_DOCUMENTATION_COMMENTS = YES;
				CLANG_WARN_EMPTY_BODY = YES;
				CLANG_WARN_ENUM_CONVERSION = YES;
				CLANG_WARN_INFINITE_RECURSION = YES;
				CLANG_WARN_INT_CONVERSION = YES;
				CLANG_WARN_NON_LITERAL_NULL_CONVERSION = YES;
				CLANG_WARN_OBJC_IMPLICIT_RETAIN_SELF = YES;
				CLANG_WARN_OBJC_LITERAL_CONVERSION = YES;
				CLANG_WARN_OBJC_ROOT_CLASS = YES_ERROR;
				CLANG_WARN_RANGE_LOOP_ANALYSIS = YES;
				CLANG_WARN_STRICT_PROTOTYPES = YES;
				CLANG_WARN_SUSPICIOUS_MOVE = YES;
				CLANG_WARN_UNGUARDED_AVAILABILITY = YES_AGGRESSIVE;
				CLANG_WARN_UNREACHABLE_CODE = YES;
				CLANG_WARN__DUPLICATE_METHOD_MATCH = YES;
				COPY_PHASE_STRIP = NO;
				DEBUG_INFORMATION_FORMAT = dwarf;
				ENABLE_STRICT_OBJC_MSGSEND = YES;
				ENABLE_TESTABILITY = YES;
				GCC_C_LANGUAGE_STANDARD = gnu11;
				GCC_DYNAMIC_NO_PIC = NO;
				GCC_NO_COMMON_BLOCKS = YES;
				GCC_OPTIMIZATION_LEVEL = 0;
				GCC_PREPROCESSOR_DEFINITIONS = (
					"DEBUG=1",
					"$(inherited)",
				);
				GCC_WARN_64_TO_32_BIT_CONVERSION = YES;
				GCC_WARN_ABOUT_RETURN_TYPE = YES_ERROR;
				GCC_WARN_UNDECLARED_SELECTOR = YES;
				GCC_WARN_UNINITIALIZED_AUTOS = YES_AGGRESSIVE;
				GCC_WARN_UNUSED_FUNCTION = YES;
				GCC_WARN_UNUSED_VARIABLE = YES;
				IPHONEOS_DEPLOYMENT_TARGET = 13.5;
				MTL_ENABLE_DEBUG_INFO = INCLUDE_SOURCE;
				MTL_FAST_MATH = YES;
				ONLY_ACTIVE_ARCH = YES;
				SDKROOT = iphoneos;
				SWIFT_ACTIVE_COMPILATION_CONDITIONS = DEBUG;
				SWIFT_OPTIMIZATION_LEVEL = "-Onone";
			};
			name = Debug;
		};
		3F5B513524A115E9007C0563 /* Release */ = {
			isa = XCBuildConfiguration;
			buildSettings = {
				ALWAYS_SEARCH_USER_PATHS = NO;
				CLANG_ANALYZER_NONNULL = YES;
				CLANG_ANALYZER_NUMBER_OBJECT_CONVERSION = YES_AGGRESSIVE;
				CLANG_CXX_LANGUAGE_STANDARD = "gnu++14";
				CLANG_CXX_LIBRARY = "libc++";
				CLANG_ENABLE_MODULES = YES;
				CLANG_ENABLE_OBJC_ARC = YES;
				CLANG_ENABLE_OBJC_WEAK = YES;
				CLANG_WARN_BLOCK_CAPTURE_AUTORELEASING = YES;
				CLANG_WARN_BOOL_CONVERSION = YES;
				CLANG_WARN_COMMA = YES;
				CLANG_WARN_CONSTANT_CONVERSION = YES;
				CLANG_WARN_DEPRECATED_OBJC_IMPLEMENTATIONS = YES;
				CLANG_WARN_DIRECT_OBJC_ISA_USAGE = YES_ERROR;
				CLANG_WARN_DOCUMENTATION_COMMENTS = YES;
				CLANG_WARN_EMPTY_BODY = YES;
				CLANG_WARN_ENUM_CONVERSION = YES;
				CLANG_WARN_INFINITE_RECURSION = YES;
				CLANG_WARN_INT_CONVERSION = YES;
				CLANG_WARN_NON_LITERAL_NULL_CONVERSION = YES;
				CLANG_WARN_OBJC_IMPLICIT_RETAIN_SELF = YES;
				CLANG_WARN_OBJC_LITERAL_CONVERSION = YES;
				CLANG_WARN_OBJC_ROOT_CLASS = YES_ERROR;
				CLANG_WARN_RANGE_LOOP_ANALYSIS = YES;
				CLANG_WARN_STRICT_PROTOTYPES = YES;
				CLANG_WARN_SUSPICIOUS_MOVE = YES;
				CLANG_WARN_UNGUARDED_AVAILABILITY = YES_AGGRESSIVE;
				CLANG_WARN_UNREACHABLE_CODE = YES;
				CLANG_WARN__DUPLICATE_METHOD_MATCH = YES;
				COPY_PHASE_STRIP = NO;
				DEBUG_INFORMATION_FORMAT = "dwarf-with-dsym";
				ENABLE_NS_ASSERTIONS = NO;
				ENABLE_STRICT_OBJC_MSGSEND = YES;
				GCC_C_LANGUAGE_STANDARD = gnu11;
				GCC_NO_COMMON_BLOCKS = YES;
				GCC_WARN_64_TO_32_BIT_CONVERSION = YES;
				GCC_WARN_ABOUT_RETURN_TYPE = YES_ERROR;
				GCC_WARN_UNDECLARED_SELECTOR = YES;
				GCC_WARN_UNINITIALIZED_AUTOS = YES_AGGRESSIVE;
				GCC_WARN_UNUSED_FUNCTION = YES;
				GCC_WARN_UNUSED_VARIABLE = YES;
				IPHONEOS_DEPLOYMENT_TARGET = 13.5;
				MTL_ENABLE_DEBUG_INFO = NO;
				MTL_FAST_MATH = YES;
				SDKROOT = iphoneos;
				SWIFT_COMPILATION_MODE = wholemodule;
				SWIFT_OPTIMIZATION_LEVEL = "-O";
				VALIDATE_PRODUCT = YES;
			};
			name = Release;
		};
		3F5B513724A115E9007C0563 /* Debug */ = {
			isa = XCBuildConfiguration;
			buildSettings = {
				ASSETCATALOG_COMPILER_APPICON_NAME = AppIcon;
				CODE_SIGN_STYLE = Automatic;
				DEVELOPMENT_TEAM = MFBD923VWU;
				INFOPLIST_FILE = BetterProfessor/Resources/Info.plist;
				LD_RUNPATH_SEARCH_PATHS = (
					"$(inherited)",
					"@executable_path/Frameworks",
				);
				PRODUCT_BUNDLE_IDENTIFIER = bharat.BetterProfessor;
				PRODUCT_NAME = "$(TARGET_NAME)";
				SWIFT_VERSION = 5.0;
				TARGETED_DEVICE_FAMILY = "1,2";
			};
			name = Debug;
		};
		3F5B513824A115E9007C0563 /* Release */ = {
			isa = XCBuildConfiguration;
			buildSettings = {
				ASSETCATALOG_COMPILER_APPICON_NAME = AppIcon;
				CODE_SIGN_STYLE = Automatic;
				DEVELOPMENT_TEAM = MFBD923VWU;
				INFOPLIST_FILE = BetterProfessor/Resources/Info.plist;
				LD_RUNPATH_SEARCH_PATHS = (
					"$(inherited)",
					"@executable_path/Frameworks",
				);
				PRODUCT_BUNDLE_IDENTIFIER = bharat.BetterProfessor;
				PRODUCT_NAME = "$(TARGET_NAME)";
				SWIFT_VERSION = 5.0;
				TARGETED_DEVICE_FAMILY = "1,2";
			};
			name = Release;
		};
/* End XCBuildConfiguration section */

/* Begin XCConfigurationList section */
		3F5B511D24A115E4007C0563 /* Build configuration list for PBXProject "BetterProfessor" */ = {
			isa = XCConfigurationList;
			buildConfigurations = (
				3F5B513424A115E9007C0563 /* Debug */,
				3F5B513524A115E9007C0563 /* Release */,
			);
			defaultConfigurationIsVisible = 0;
			defaultConfigurationName = Release;
		};
		3F5B513624A115E9007C0563 /* Build configuration list for PBXNativeTarget "BetterProfessor" */ = {
			isa = XCConfigurationList;
			buildConfigurations = (
				3F5B513724A115E9007C0563 /* Debug */,
				3F5B513824A115E9007C0563 /* Release */,
			);
			defaultConfigurationIsVisible = 0;
			defaultConfigurationName = Release;
		};
/* End XCConfigurationList section */

/* Begin XCVersionGroup section */
		2B13282A24A268DC00D78C4A /* BetterProfessor.xcdatamodeld */ = {
			isa = XCVersionGroup;
			children = (
				2B13282B24A268DC00D78C4A /* BetterProfessor.xcdatamodel */,
			);
			currentVersion = 2B13282B24A268DC00D78C4A /* BetterProfessor.xcdatamodel */;
			path = BetterProfessor.xcdatamodeld;
			sourceTree = "<group>";
			versionGroupType = wrapper.xcdatamodel;
		};
/* End XCVersionGroup section */
	};
	rootObject = 3F5B511A24A115E4007C0563 /* Project object */;
}
